{
  "name": "asteroids-v2",
  "version": "1.0.0",
  "lockfileVersion": 3,
  "requires": true,
  "packages": {
    "": {
      "name": "asteroids-v2",
      "version": "1.0.0",
      "license": "ISC",
      "dependencies": {
        "p5": "^1.10.0",
        "pocketbase": "^0.21.5"
      }
    },
    "node_modules/p5": {
      "version": "1.10.0",
      "resolved": "https://registry.npmjs.org/p5/-/p5-1.10.0.tgz",
      "integrity": "sha512-6cWYBFhnZz7jNC6p1VWvlt3QReMqrRSmO90bgECQIKB9oko2w/sKrOAVMyei5tjIzSYcSY0JHy+BRtSAWq24jQ=="
    },
    "node_modules/pocketbase": {
      "version": "0.21.5",
      "resolved": "https://registry.npmjs.org/pocketbase/-/pocketbase-0.21.5.tgz",
      "integrity": "sha512-bnI/uinnQps+ElSlzxkc4yvwuSFfKcoszDtXH/4QT2FhGq2mJVUvDlxn+rjRXVntUjPfmMG5LEPZ1eGqV6ssog=="
    }
  }
}
